// !$*UTF8*$!
{
	archiveVersion = 1;
	classes = {
	};
	objectVersion = 50;
	objects = {

/* Begin PBXBuildFile section */
		CCFF3655233A7D5500CF7B0F /* AppDelegate.swift in Sources */ = {isa = PBXBuildFile; fileRef = CCFF3654233A7D5500CF7B0F /* AppDelegate.swift */; };
		CCFF3657233A7D5500CF7B0F /* SceneDelegate.swift in Sources */ = {isa = PBXBuildFile; fileRef = CCFF3656233A7D5500CF7B0F /* SceneDelegate.swift */; };
		CCFF365C233A7D5500CF7B0F /* Main.storyboard in Resources */ = {isa = PBXBuildFile; fileRef = CCFF365A233A7D5500CF7B0F /* Main.storyboard */; };
		CCFF365E233A7D5700CF7B0F /* Assets.xcassets in Resources */ = {isa = PBXBuildFile; fileRef = CCFF365D233A7D5700CF7B0F /* Assets.xcassets */; };
		CCFF3661233A7D5700CF7B0F /* LaunchScreen.storyboard in Resources */ = {isa = PBXBuildFile; fileRef = CCFF365F233A7D5700CF7B0F /* LaunchScreen.storyboard */; };
		CCFF3669233A7FD900CF7B0F /* BooksTableViewController.swift in Sources */ = {isa = PBXBuildFile; fileRef = CCFF3668233A7FD900CF7B0F /* BooksTableViewController.swift */; };
		CCFF366B233A7FE600CF7B0F /* BookDetailViewController.swift in Sources */ = {isa = PBXBuildFile; fileRef = CCFF366A233A7FE600CF7B0F /* BookDetailViewController.swift */; };
		CCFF366D233A803300CF7B0F /* LoginViewController.swift in Sources */ = {isa = PBXBuildFile; fileRef = CCFF366C233A803300CF7B0F /* LoginViewController.swift */; };
		CCFF3673233A897800CF7B0F /* User.swift in Sources */ = {isa = PBXBuildFile; fileRef = CCFF3672233A897800CF7B0F /* User.swift */; };
		CCFF3675233A898600CF7B0F /* Book.swift in Sources */ = {isa = PBXBuildFile; fileRef = CCFF3674233A898600CF7B0F /* Book.swift */; };
		CCFF3677233A898C00CF7B0F /* Review.swift in Sources */ = {isa = PBXBuildFile; fileRef = CCFF3676233A898C00CF7B0F /* Review.swift */; };
		CCFF3679233A8ADA00CF7B0F /* APIController.swift in Sources */ = {isa = PBXBuildFile; fileRef = CCFF3678233A8ADA00CF7B0F /* APIController.swift */; };
/* End PBXBuildFile section */

/* Begin PBXFileReference section */
		CCFF3651233A7D5500CF7B0F /* Bookr.app */ = {isa = PBXFileReference; explicitFileType = wrapper.application; includeInIndex = 0; path = Bookr.app; sourceTree = BUILT_PRODUCTS_DIR; };
		CCFF3654233A7D5500CF7B0F /* AppDelegate.swift */ = {isa = PBXFileReference; lastKnownFileType = sourcecode.swift; path = AppDelegate.swift; sourceTree = "<group>"; };
		CCFF3656233A7D5500CF7B0F /* SceneDelegate.swift */ = {isa = PBXFileReference; lastKnownFileType = sourcecode.swift; path = SceneDelegate.swift; sourceTree = "<group>"; };
		CCFF365B233A7D5500CF7B0F /* Base */ = {isa = PBXFileReference; lastKnownFileType = file.storyboard; name = Base; path = Base.lproj/Main.storyboard; sourceTree = "<group>"; };
		CCFF365D233A7D5700CF7B0F /* Assets.xcassets */ = {isa = PBXFileReference; lastKnownFileType = folder.assetcatalog; path = Assets.xcassets; sourceTree = "<group>"; };
		CCFF3660233A7D5700CF7B0F /* Base */ = {isa = PBXFileReference; lastKnownFileType = file.storyboard; name = Base; path = Base.lproj/LaunchScreen.storyboard; sourceTree = "<group>"; };
		CCFF3662233A7D5700CF7B0F /* Info.plist */ = {isa = PBXFileReference; lastKnownFileType = text.plist.xml; path = Info.plist; sourceTree = "<group>"; };
		CCFF3668233A7FD900CF7B0F /* BooksTableViewController.swift */ = {isa = PBXFileReference; lastKnownFileType = sourcecode.swift; path = BooksTableViewController.swift; sourceTree = "<group>"; };
		CCFF366A233A7FE600CF7B0F /* BookDetailViewController.swift */ = {isa = PBXFileReference; lastKnownFileType = sourcecode.swift; path = BookDetailViewController.swift; sourceTree = "<group>"; };
		CCFF366C233A803300CF7B0F /* LoginViewController.swift */ = {isa = PBXFileReference; lastKnownFileType = sourcecode.swift; path = LoginViewController.swift; sourceTree = "<group>"; };
		CCFF3672233A897800CF7B0F /* User.swift */ = {isa = PBXFileReference; lastKnownFileType = sourcecode.swift; path = User.swift; sourceTree = "<group>"; };
		CCFF3674233A898600CF7B0F /* Book.swift */ = {isa = PBXFileReference; lastKnownFileType = sourcecode.swift; path = Book.swift; sourceTree = "<group>"; };
		CCFF3676233A898C00CF7B0F /* Review.swift */ = {isa = PBXFileReference; lastKnownFileType = sourcecode.swift; path = Review.swift; sourceTree = "<group>"; };
		CCFF3678233A8ADA00CF7B0F /* APIController.swift */ = {isa = PBXFileReference; lastKnownFileType = sourcecode.swift; path = APIController.swift; sourceTree = "<group>"; };
/* End PBXFileReference section */

/* Begin PBXFrameworksBuildPhase section */
		CCFF364E233A7D5500CF7B0F /* Frameworks */ = {
			isa = PBXFrameworksBuildPhase;
			buildActionMask = 2147483647;
			files = (
			);
			runOnlyForDeploymentPostprocessing = 0;
		};
/* End PBXFrameworksBuildPhase section */

/* Begin PBXGroup section */
		CCFF3648233A7D5500CF7B0F = {
			isa = PBXGroup;
			children = (
				CCFF3653233A7D5500CF7B0F /* Bookr */,
				CCFF3652233A7D5500CF7B0F /* Products */,
			);
			sourceTree = "<group>";
		};
		CCFF3652233A7D5500CF7B0F /* Products */ = {
			isa = PBXGroup;
			children = (
				CCFF3651233A7D5500CF7B0F /* Bookr.app */,
			);
			name = Products;
			sourceTree = "<group>";
		};
		CCFF3653233A7D5500CF7B0F /* Bookr */ = {
			isa = PBXGroup;
			children = (
				CCFF3654233A7D5500CF7B0F /* AppDelegate.swift */,
				CCFF3656233A7D5500CF7B0F /* SceneDelegate.swift */,
				CCFF365A233A7D5500CF7B0F /* Main.storyboard */,
				CCFF3671233A805E00CF7B0F /* Models */,
				CCFF3670233A805700CF7B0F /* Model Controllers */,
				CCFF366F233A804E00CF7B0F /* Views */,
				CCFF366E233A803F00CF7B0F /* View Controllers */,
				CCFF365D233A7D5700CF7B0F /* Assets.xcassets */,
				CCFF365F233A7D5700CF7B0F /* LaunchScreen.storyboard */,
				CCFF3662233A7D5700CF7B0F /* Info.plist */,
			);
			path = Bookr;
			sourceTree = "<group>";
		};
		CCFF366E233A803F00CF7B0F /* View Controllers */ = {
			isa = PBXGroup;
			children = (
				CCFF366C233A803300CF7B0F /* LoginViewController.swift */,
				CCFF3668233A7FD900CF7B0F /* BooksTableViewController.swift */,
				CCFF366A233A7FE600CF7B0F /* BookDetailViewController.swift */,
			);
			path = "View Controllers";
			sourceTree = "<group>";
		};
		CCFF366F233A804E00CF7B0F /* Views */ = {
			isa = PBXGroup;
			children = (
			);
			path = Views;
			sourceTree = "<group>";
		};
		CCFF3670233A805700CF7B0F /* Model Controllers */ = {
			isa = PBXGroup;
			children = (
				CCFF3678233A8ADA00CF7B0F /* APIController.swift */,
			);
			path = "Model Controllers";
			sourceTree = "<group>";
		};
		CCFF3671233A805E00CF7B0F /* Models */ = {
			isa = PBXGroup;
			children = (
				CCFF3672233A897800CF7B0F /* User.swift */,
				CCFF3674233A898600CF7B0F /* Book.swift */,
				CCFF3676233A898C00CF7B0F /* Review.swift */,
			);
			path = Models;
			sourceTree = "<group>";
		};
/* End PBXGroup section */

/* Begin PBXNativeTarget section */
		CCFF3650233A7D5500CF7B0F /* Bookr */ = {
			isa = PBXNativeTarget;
			buildConfigurationList = CCFF3665233A7D5700CF7B0F /* Build configuration list for PBXNativeTarget "Bookr" */;
			buildPhases = (
				CCFF364D233A7D5500CF7B0F /* Sources */,
				CCFF364E233A7D5500CF7B0F /* Frameworks */,
				CCFF364F233A7D5500CF7B0F /* Resources */,
			);
			buildRules = (
			);
			dependencies = (
			);
			name = Bookr;
			productName = Bookr;
			productReference = CCFF3651233A7D5500CF7B0F /* Bookr.app */;
			productType = "com.apple.product-type.application";
		};
/* End PBXNativeTarget section */

/* Begin PBXProject section */
		CCFF3649233A7D5500CF7B0F /* Project object */ = {
			isa = PBXProject;
			attributes = {
				LastSwiftUpdateCheck = 1100;
				LastUpgradeCheck = 1100;
				ORGANIZATIONNAME = "John Kouris";
				TargetAttributes = {
					CCFF3650233A7D5500CF7B0F = {
						CreatedOnToolsVersion = 11.0;
					};
				};
			};
			buildConfigurationList = CCFF364C233A7D5500CF7B0F /* Build configuration list for PBXProject "Bookr" */;
			compatibilityVersion = "Xcode 9.3";
			developmentRegion = en;
			hasScannedForEncodings = 0;
			knownRegions = (
				en,
				Base,
			);
			mainGroup = CCFF3648233A7D5500CF7B0F;
			productRefGroup = CCFF3652233A7D5500CF7B0F /* Products */;
			projectDirPath = "";
			projectRoot = "";
			targets = (
				CCFF3650233A7D5500CF7B0F /* Bookr */,
			);
		};
/* End PBXProject section */

/* Begin PBXResourcesBuildPhase section */
		CCFF364F233A7D5500CF7B0F /* Resources */ = {
			isa = PBXResourcesBuildPhase;
			buildActionMask = 2147483647;
			files = (
				CCFF3661233A7D5700CF7B0F /* LaunchScreen.storyboard in Resources */,
				CCFF365E233A7D5700CF7B0F /* Assets.xcassets in Resources */,
				CCFF365C233A7D5500CF7B0F /* Main.storyboard in Resources */,
			);
			runOnlyForDeploymentPostprocessing = 0;
		};
/* End PBXResourcesBuildPhase section */

/* Begin PBXSourcesBuildPhase section */
		CCFF364D233A7D5500CF7B0F /* Sources */ = {
			isa = PBXSourcesBuildPhase;
			buildActionMask = 2147483647;
			files = (
				CCFF3655233A7D5500CF7B0F /* AppDelegate.swift in Sources */,
				CCFF3677233A898C00CF7B0F /* Review.swift in Sources */,
				CCFF3657233A7D5500CF7B0F /* SceneDelegate.swift in Sources */,
				CCFF3675233A898600CF7B0F /* Book.swift in Sources */,
				CCFF3673233A897800CF7B0F /* User.swift in Sources */,
				CCFF366B233A7FE600CF7B0F /* BookDetailViewController.swift in Sources */,
				CCFF366D233A803300CF7B0F /* LoginViewController.swift in Sources */,
				CCFF3669233A7FD900CF7B0F /* BooksTableViewController.swift in Sources */,
				CCFF3679233A8ADA00CF7B0F /* APIController.swift in Sources */,
			);
			runOnlyForDeploymentPostprocessing = 0;
		};
/* End PBXSourcesBuildPhase section */

/* Begin PBXVariantGroup section */
		CCFF365A233A7D5500CF7B0F /* Main.storyboard */ = {
			isa = PBXVariantGroup;
			children = (
				CCFF365B233A7D5500CF7B0F /* Base */,
			);
			name = Main.storyboard;
			sourceTree = "<group>";
		};
		CCFF365F233A7D5700CF7B0F /* LaunchScreen.storyboard */ = {
			isa = PBXVariantGroup;
			children = (
				CCFF3660233A7D5700CF7B0F /* Base */,
			);
			name = LaunchScreen.storyboard;
			sourceTree = "<group>";
		};
/* End PBXVariantGroup section */

/* Begin XCBuildConfiguration section */
		CCFF3663233A7D5700CF7B0F /* Debug */ = {
			isa = XCBuildConfiguration;
			buildSettings = {
				ALWAYS_SEARCH_USER_PATHS = NO;
				CLANG_ANALYZER_NONNULL = YES;
				CLANG_ANALYZER_NUMBER_OBJECT_CONVERSION = YES_AGGRESSIVE;
				CLANG_CXX_LANGUAGE_STANDARD = "gnu++14";
				CLANG_CXX_LIBRARY = "libc++";
				CLANG_ENABLE_MODULES = YES;
				CLANG_ENABLE_OBJC_ARC = YES;
				CLANG_ENABLE_OBJC_WEAK = YES;
				CLANG_WARN_BLOCK_CAPTURE_AUTORELEASING = YES;
				CLANG_WARN_BOOL_CONVERSION = YES;
				CLANG_WARN_COMMA = YES;
				CLANG_WARN_CONSTANT_CONVERSION = YES;
				CLANG_WARN_DEPRECATED_OBJC_IMPLEMENTATIONS = YES;
				CLANG_WARN_DIRECT_OBJC_ISA_USAGE = YES_ERROR;
				CLANG_WARN_DOCUMENTATION_COMMENTS = YES;
				CLANG_WARN_EMPTY_BODY = YES;
				CLANG_WARN_ENUM_CONVERSION = YES;
				CLANG_WARN_INFINITE_RECURSION = YES;
				CLANG_WARN_INT_CONVERSION = YES;
				CLANG_WARN_NON_LITERAL_NULL_CONVERSION = YES;
				CLANG_WARN_OBJC_IMPLICIT_RETAIN_SELF = YES;
				CLANG_WARN_OBJC_LITERAL_CONVERSION = YES;
				CLANG_WARN_OBJC_ROOT_CLASS = YES_ERROR;
				CLANG_WARN_RANGE_LOOP_ANALYSIS = YES;
				CLANG_WARN_STRICT_PROTOTYPES = YES;
				CLANG_WARN_SUSPICIOUS_MOVE = YES;
				CLANG_WARN_UNGUARDED_AVAILABILITY = YES_AGGRESSIVE;
				CLANG_WARN_UNREACHABLE_CODE = YES;
				CLANG_WARN__DUPLICATE_METHOD_MATCH = YES;
				COPY_PHASE_STRIP = NO;
				DEBUG_INFORMATION_FORMAT = dwarf;
				ENABLE_STRICT_OBJC_MSGSEND = YES;
				ENABLE_TESTABILITY = YES;
				GCC_C_LANGUAGE_STANDARD = gnu11;
				GCC_DYNAMIC_NO_PIC = NO;
				GCC_NO_COMMON_BLOCKS = YES;
				GCC_OPTIMIZATION_LEVEL = 0;
				GCC_PREPROCESSOR_DEFINITIONS = (
					"DEBUG=1",
					"$(inherited)",
				);
				GCC_WARN_64_TO_32_BIT_CONVERSION = YES;
				GCC_WARN_ABOUT_RETURN_TYPE = YES_ERROR;
				GCC_WARN_UNDECLARED_SELECTOR = YES;
				GCC_WARN_UNINITIALIZED_AUTOS = YES_AGGRESSIVE;
				GCC_WARN_UNUSED_FUNCTION = YES;
				GCC_WARN_UNUSED_VARIABLE = YES;
				IPHONEOS_DEPLOYMENT_TARGET = 13.0;
				MTL_ENABLE_DEBUG_INFO = INCLUDE_SOURCE;
				MTL_FAST_MATH = YES;
				ONLY_ACTIVE_ARCH = YES;
				SDKROOT = iphoneos;
				SWIFT_ACTIVE_COMPILATION_CONDITIONS = DEBUG;
				SWIFT_OPTIMIZATION_LEVEL = "-Onone";
			};
			name = Debug;
		};
		CCFF3664233A7D5700CF7B0F /* Release */ = {
			isa = XCBuildConfiguration;
			buildSettings = {
				ALWAYS_SEARCH_USER_PATHS = NO;
				CLANG_ANALYZER_NONNULL = YES;
				CLANG_ANALYZER_NUMBER_OBJECT_CONVERSION = YES_AGGRESSIVE;
				CLANG_CXX_LANGUAGE_STANDARD = "gnu++14";
				CLANG_CXX_LIBRARY = "libc++";
				CLANG_ENABLE_MODULES = YES;
				CLANG_ENABLE_OBJC_ARC = YES;
				CLANG_ENABLE_OBJC_WEAK = YES;
				CLANG_WARN_BLOCK_CAPTURE_AUTORELEASING = YES;
				CLANG_WARN_BOOL_CONVERSION = YES;
				CLANG_WARN_COMMA = YES;
				CLANG_WARN_CONSTANT_CONVERSION = YES;
				CLANG_WARN_DEPRECATED_OBJC_IMPLEMENTATIONS = YES;
				CLANG_WARN_DIRECT_OBJC_ISA_USAGE = YES_ERROR;
				CLANG_WARN_DOCUMENTATION_COMMENTS = YES;
				CLANG_WARN_EMPTY_BODY = YES;
				CLANG_WARN_ENUM_CONVERSION = YES;
				CLANG_WARN_INFINITE_RECURSION = YES;
				CLANG_WARN_INT_CONVERSION = YES;
				CLANG_WARN_NON_LITERAL_NULL_CONVERSION = YES;
				CLANG_WARN_OBJC_IMPLICIT_RETAIN_SELF = YES;
				CLANG_WARN_OBJC_LITERAL_CONVERSION = YES;
				CLANG_WARN_OBJC_ROOT_CLASS = YES_ERROR;
				CLANG_WARN_RANGE_LOOP_ANALYSIS = YES;
				CLANG_WARN_STRICT_PROTOTYPES = YES;
				CLANG_WARN_SUSPICIOUS_MOVE = YES;
				CLANG_WARN_UNGUARDED_AVAILABILITY = YES_AGGRESSIVE;
				CLANG_WARN_UNREACHABLE_CODE = YES;
				CLANG_WARN__DUPLICATE_METHOD_MATCH = YES;
				COPY_PHASE_STRIP = NO;
				DEBUG_INFORMATION_FORMAT = "dwarf-with-dsym";
				ENABLE_NS_ASSERTIONS = NO;
				ENABLE_STRICT_OBJC_MSGSEND = YES;
				GCC_C_LANGUAGE_STANDARD = gnu11;
				GCC_NO_COMMON_BLOCKS = YES;
				GCC_WARN_64_TO_32_BIT_CONVERSION = YES;
				GCC_WARN_ABOUT_RETURN_TYPE = YES_ERROR;
				GCC_WARN_UNDECLARED_SELECTOR = YES;
				GCC_WARN_UNINITIALIZED_AUTOS = YES_AGGRESSIVE;
				GCC_WARN_UNUSED_FUNCTION = YES;
				GCC_WARN_UNUSED_VARIABLE = YES;
				IPHONEOS_DEPLOYMENT_TARGET = 13.0;
				MTL_ENABLE_DEBUG_INFO = NO;
				MTL_FAST_MATH = YES;
				SDKROOT = iphoneos;
				SWIFT_COMPILATION_MODE = wholemodule;
				SWIFT_OPTIMIZATION_LEVEL = "-O";
				VALIDATE_PRODUCT = YES;
			};
			name = Release;
		};
		CCFF3666233A7D5700CF7B0F /* Debug */ = {
			isa = XCBuildConfiguration;
			buildSettings = {
				ASSETCATALOG_COMPILER_APPICON_NAME = AppIcon;
				CODE_SIGN_STYLE = Automatic;
				DEVELOPMENT_TEAM = SE96QQ4Q6G;
				INFOPLIST_FILE = Bookr/Info.plist;
				LD_RUNPATH_SEARCH_PATHS = (
					"$(inherited)",
					"@executable_path/Frameworks",
				);
				PRODUCT_BUNDLE_IDENTIFIER = com.JohnKouris.Bookr;
				PRODUCT_NAME = "$(TARGET_NAME)";
				SWIFT_VERSION = 5.0;
				TARGETED_DEVICE_FAMILY = "1,2";
			};
			name = Debug;
		};
		CCFF3667233A7D5700CF7B0F /* Release */ = {
			isa = XCBuildConfiguration;
			buildSettings = {
				ASSETCATALOG_COMPILER_APPICON_NAME = AppIcon;
				CODE_SIGN_STYLE = Automatic;
				DEVELOPMENT_TEAM = SE96QQ4Q6G;
				INFOPLIST_FILE = Bookr/Info.plist;
				LD_RUNPATH_SEARCH_PATHS = (
					"$(inherited)",
					"@executable_path/Frameworks",
				);
				PRODUCT_BUNDLE_IDENTIFIER = com.JohnKouris.Bookr;
				PRODUCT_NAME = "$(TARGET_NAME)";
				SWIFT_VERSION = 5.0;
				TARGETED_DEVICE_FAMILY = "1,2";
			};
			name = Release;
		};
/* End XCBuildConfiguration section */

/* Begin XCConfigurationList section */
		CCFF364C233A7D5500CF7B0F /* Build configuration list for PBXProject "Bookr" */ = {
			isa = XCConfigurationList;
			buildConfigurations = (
				CCFF3663233A7D5700CF7B0F /* Debug */,
				CCFF3664233A7D5700CF7B0F /* Release */,
			);
			defaultConfigurationIsVisible = 0;
			defaultConfigurationName = Release;
		};
		CCFF3665233A7D5700CF7B0F /* Build configuration list for PBXNativeTarget "Bookr" */ = {
			isa = XCConfigurationList;
			buildConfigurations = (
				CCFF3666233A7D5700CF7B0F /* Debug */,
				CCFF3667233A7D5700CF7B0F /* Release */,
			);
			defaultConfigurationIsVisible = 0;
			defaultConfigurationName = Release;
		};
/* End XCConfigurationList section */
	};
	rootObject = CCFF3649233A7D5500CF7B0F /* Project object */;
}
